
Microsoft Visual Studio Solution File, Format Version 12.00
# Visual Studio Version 17
VisualStudioVersion = 17.14.36310.24 d17.14
MinimumVisualStudioVersion = 10.0.40219.1
Project("{FAE04EC0-301F-11D3-BF4B-00C04F79EFBC}") = "Activity32", "Activity32.csproj", "{9A62510D-D170-40E0-B09D-D3AEE6FF0200}"
EndProject
Global
	GlobalSection(SolutionConfigurationPlatforms) = preSolution
		Debug|Any CPU = Debug|Any CPU
		Release|Any CPU = Release|Any CPU
	EndGlobalSection
	GlobalSection(ProjectConfigurationPlatforms) = postSolution
		{9A62510D-D170-40E0-B09D-D3AEE6FF0200}.Debug|Any CPU.ActiveCfg = Debug|Any CPU
		{9A62510D-D170-40E0-B09D-D3AEE6FF0200}.Debug|Any CPU.Build.0 = Debug|Any CPU
		{9A62510D-D170-40E0-B09D-D3AEE6FF0200}.Release|Any CPU.ActiveCfg = Release|Any CPU
		{9A62510D-D170-40E0-B09D-D3AEE6FF0200}.Release|Any CPU.Build.0 = Release|Any CPU
	EndGlobalSection
	GlobalSection(SolutionProperties) = preSolution
		HideSolutionNode = FALSE
	EndGlobalSection
	GlobalSection(ExtensibilityGlobals) = postSolution
		SolutionGuid = {2F822BDD-36CA-48F1-B9E1-4003F7CCD0F7}
	EndGlobalSection
EndGlobal
